
Microsoft Visual Studio Solution File, Format Version 12.00
# Visual Studio Version 17
VisualStudioVersion = 17.8.34330.188
MinimumVisualStudioVersion = 10.0.40219.1
Project("{FAE04EC0-301F-11D3-BF4B-00C04F79EFBC}") = "NumFlat", "NumFlat\NumFlat.csproj", "{31133B5C-CC14-49BC-9E05-01A3326F5303}"
EndProject
Project("{FAE04EC0-301F-11D3-BF4B-00C04F79EFBC}") = "NumFlatTest", "NumFlatTest\NumFlatTest.csproj", "{933CE15B-5D33-4F75-94FB-4085518B4934}"
EndProject
Project("{FAE04EC0-301F-11D3-BF4B-00C04F79EFBC}") = "Workspace", "Workspace\Workspace.csproj", "{B2318964-7E53-4EF4-9BC8-1B17B9C16EFC}"
EndProject
Global
	GlobalSection(SolutionConfigurationPlatforms) = preSolution
		Debug|Any CPU = Debug|Any CPU
		Release|Any CPU = Release|Any CPU
	EndGlobalSection
	GlobalSection(ProjectConfigurationPlatforms) = postSolution
		{31133B5C-CC14-49BC-9E05-01A3326F5303}.Debug|Any CPU.ActiveCfg = Debug|Any CPU
		{31133B5C-CC14-49BC-9E05-01A3326F5303}.Debug|Any CPU.Build.0 = Debug|Any CPU
		{31133B5C-CC14-49BC-9E05-01A3326F5303}.Release|Any CPU.ActiveCfg = Release|Any CPU
		{31133B5C-CC14-49BC-9E05-01A3326F5303}.Release|Any CPU.Build.0 = Release|Any CPU
		{933CE15B-5D33-4F75-94FB-4085518B4934}.Debug|Any CPU.ActiveCfg = Debug|Any CPU
		{933CE15B-5D33-4F75-94FB-4085518B4934}.Debug|Any CPU.Build.0 = Debug|Any CPU
		{933CE15B-5D33-4F75-94FB-4085518B4934}.Release|Any CPU.ActiveCfg = Release|Any CPU
		{933CE15B-5D33-4F75-94FB-4085518B4934}.Release|Any CPU.Build.0 = Release|Any CPU
		{B2318964-7E53-4EF4-9BC8-1B17B9C16EFC}.Debug|Any CPU.ActiveCfg = Debug|Any CPU
		{B2318964-7E53-4EF4-9BC8-1B17B9C16EFC}.Debug|Any CPU.Build.0 = Debug|Any CPU
		{B2318964-7E53-4EF4-9BC8-1B17B9C16EFC}.Release|Any CPU.ActiveCfg = Release|Any CPU
		{B2318964-7E53-4EF4-9BC8-1B17B9C16EFC}.Release|Any CPU.Build.0 = Release|Any CPU
	EndGlobalSection
	GlobalSection(SolutionProperties) = preSolution
		HideSolutionNode = FALSE
	EndGlobalSection
	GlobalSection(ExtensibilityGlobals) = postSolution
		SolutionGuid = {EC1FC17A-F25A-4053-B00E-A40D47952C66}
	EndGlobalSection
EndGlobal
